{
  "version": 4,
  "terraform_version": "1.5.7",
  "serial": 9,
  "lineage": "42ef456b-48be-901b-8c48-bd996ae968ff",
  "outputs": {
    "github_repository": {
      "value": "https://github.com/tabulat/flux-gitops.git",
      "type": "string"
    },
    "gke_get_credentials_command": {
      "value": "gcloud container clusters get-credentials main --zone us-central1-c --project my-k8s-461314",
      "type": "string"
    }
  },
  "resources": [
    {
      "module": "module.github_repository",
      "mode": "managed",
      "type": "github_repository",
      "name": "this",
      "provider": "module.github_repository.provider[\"registry.terraform.io/integrations/github\"]",
      "instances": [
        {
          "schema_version": 1,
          "attributes": {
            "allow_auto_merge": false,
            "allow_merge_commit": true,
            "allow_rebase_merge": true,
            "allow_squash_merge": true,
            "allow_update_branch": false,
            "archive_on_destroy": null,
            "archived": false,
            "auto_init": true,
            "default_branch": "main",
            "delete_branch_on_merge": false,
            "description": "",
            "etag": "W/\"2fe2d8d893148033989a3555444ea1a36ec8cc0f7b8fec59ae3e6fb8d7e72952\"",
            "full_name": "tabulat/flux-gitops",
            "git_clone_url": "git://github.com/tabulat/flux-gitops.git",
            "gitignore_template": null,
            "has_discussions": false,
            "has_downloads": false,
            "has_issues": false,
            "has_projects": false,
            "has_wiki": false,
            "homepage_url": "",
            "html_url": "https://github.com/tabulat/flux-gitops",
            "http_clone_url": "https://github.com/tabulat/flux-gitops.git",
            "id": "flux-gitops",
            "ignore_vulnerability_alerts_during_read": null,
            "is_template": false,
            "license_template": null,
            "merge_commit_message": "PR_TITLE",
            "merge_commit_title": "MERGE_MESSAGE",
            "name": "flux-gitops",
            "node_id": "R_kgDOPCSjfQ",
            "pages": [],
            "primary_language": "",
            "private": true,
            "repo_id": 1009034109,
            "security_and_analysis": [],
            "squash_merge_commit_message": "COMMIT_MESSAGES",
            "squash_merge_commit_title": "COMMIT_OR_PR_TITLE",
            "ssh_clone_url": "git@github.com:tabulat/flux-gitops.git",
            "svn_url": "https://github.com/tabulat/flux-gitops",
            "template": [],
            "topics": [],
            "visibility": "private",
            "vulnerability_alerts": false,
            "web_commit_signoff_required": false
          },
          "sensitive_attributes": [],
          "private": "eyJzY2hlbWFfdmVyc2lvbiI6IjEifQ=="
        }
      ]
    },
    {
      "module": "module.github_repository",
      "mode": "managed",
      "type": "github_repository_deploy_key",
      "name": "this",
      "provider": "module.github_repository.provider[\"registry.terraform.io/integrations/github\"]",
      "instances": [
        {
          "schema_version": 0,
          "attributes": {
            "etag": "W/\"d97bb52666645ced700326a360b8b50c75c3194a56bb21c5ccd0969f4d83b777\"",
            "id": "flux-gitops:125568216",
            "key": "ssh-rsa AAAAB3NzaC1yc2EAAAADAQABAAABAQDOonWodydXRN7ONWNqnhcQ82fOyIbFK/ySaRblxUO6hqX69V1cvGoGD8e2ytuM76R5rJtwiFzaMX4E+bO243HwQe/iHTTIwkcshui7ngfOFBg+TNvPUnptmKfi1pvgi9F+5P48/GyNC6/JPOEljWARLjjLuObSRteBuQLq+S/XGXjx6jnxWBkZvDIsUfGt53lSxKrBKuit+Z/qAddNa0vAwz5m88clhuvPVF2LP/XP5zGcMBNbt9uiW/krUgy3tKcNzq2wZB/swZ0ysGtW7KPAN+YXhdjXJFFWNHIYTRBiRttzM/ELh+DGMdyZ/p0uS/lENK8+Nk//daNFZP/9fBHl",
            "read_only": false,
            "repository": "flux-gitops",
            "title": "flux-ssh-pub"
          },
          "sensitive_attributes": [
            [
              {
                "type": "get_attr",
                "value": "key"
              }
            ]
          ],
          "private": "bnVsbA==",
          "dependencies": [
            "module.github_repository.github_repository.this",
            "module.tls_private_key.tls_private_key.this"
          ]
        }
      ]
    },
    {
      "module": "module.gke_cluster",
      "mode": "data",
      "type": "google_client_config",
      "name": "current",
      "provider": "module.gke_cluster.provider[\"registry.terraform.io/hashicorp/google\"]",
      "instances": [
        {
          "schema_version": 0,
          "attributes": {
            "access_token": "ya29.a0AS3H6NzsDGx3mz-odQoKy5B11XYnUfm0JfZ1FyZTWKftgevxfz-oUj1z4vQ2S4Mo22Y55Ob1E4WHrEGyIrSB89-pNDkf-5_wbc55klMH4vK-LKtPlf8Q-VTPgHMO9i5Mw6zg5LGhyrGxInrZIAa5_CmA91fZvslPqs8aCKUjacC_U_sBg5YEE8Q8kYT0JtUb-a9JnzEZ773vhiYwcJwBpHmcABlkS4qx6TFBgEY5sqlkSLSNnqIuFZx6L0O-7QSYZDJ3I-4EVf-fbmKpVx_MoJB3XFCOX-kCkCKifiBaUEzPAR61C_XsMBM4YJHzNm4f-S0rd28mCAaCgYKAW4SARUSFQHGX2Miaiw-sRva2LyPD0xgBztgQw0337",
            "default_labels": {},
            "id": "projects/my-k8s-461314/regions/us-central1-c/zones/",
            "project": "my-k8s-461314",
            "region": "us-central1-c",
            "zone": ""
          },
          "sensitive_attributes": []
        }
      ]
    },
    {
      "module": "module.gke_cluster",
      "mode": "data",
      "type": "google_container_cluster",
      "name": "main",
      "provider": "module.gke_cluster.provider[\"registry.terraform.io/hashicorp/google\"]",
      "instances": [
        {
          "schema_version": 0,
          "attributes": {
            "addons_config": [
              {
                "cloudrun_config": [],
                "config_connector_config": [],
                "dns_cache_config": [],
                "gce_persistent_disk_csi_driver_config": [
                  {
                    "enabled": true
                  }
                ],
                "gcp_filestore_csi_driver_config": [],
                "gcs_fuse_csi_driver_config": [],
                "gke_backup_agent_config": [],
                "horizontal_pod_autoscaling": [],
                "http_load_balancing": [],
                "network_policy_config": [
                  {
                    "disabled": true
                  }
                ],
                "parallelstore_csi_driver_config": [],
                "ray_operator_config": [],
                "stateful_ha_config": []
              }
            ],
            "allow_net_admin": null,
            "authenticator_groups_config": [],
            "binary_authorization": [
              {
                "enabled": false,
                "evaluation_mode": ""
              }
            ],
            "cluster_autoscaling": [
              {
                "auto_provisioning_defaults": [],
                "auto_provisioning_locations": [],
                "autoscaling_profile": "BALANCED",
                "enabled": false,
                "resource_limits": []
              }
            ],
            "cluster_ipv4_cidr": "10.48.0.0/14",
            "confidential_nodes": [],
            "control_plane_endpoints_config": [
              {
                "dns_endpoint_config": [
                  {
                    "allow_external_traffic": false,
                    "endpoint": "gke-d8ba8b054824403991ccecf2bfa82accd252-509378241741.us-central1-c.gke.goog"
                  }
                ],
                "ip_endpoints_config": [
                  {
                    "enabled": true
                  }
                ]
              }
            ],
            "cost_management_config": [],
            "database_encryption": [
              {
                "key_name": "",
                "state": "DECRYPTED"
              }
            ],
            "datapath_provider": "",
            "default_max_pods_per_node": 110,
            "default_snat_status": [
              {
                "disabled": false
              }
            ],
            "deletion_protection": null,
            "description": "",
            "disable_l4_lb_firewall_reconciliation": false,
            "dns_config": [],
            "effective_labels": {
              "goog-terraform-provisioned": "true"
            },
            "enable_autopilot": false,
            "enable_cilium_clusterwide_network_policy": false,
            "enable_fqdn_network_policy": false,
            "enable_intranode_visibility": false,
            "enable_k8s_beta_apis": [],
            "enable_kubernetes_alpha": false,
            "enable_l4_ilb_subsetting": false,
            "enable_legacy_abac": false,
            "enable_multi_networking": false,
            "enable_shielded_nodes": true,
            "enable_tpu": false,
            "endpoint": "34.27.172.133",
            "enterprise_config": [
              {
                "cluster_tier": "STANDARD",
                "desired_tier": ""
              }
            ],
            "fleet": [],
            "gateway_api_config": [],
            "id": "projects/my-k8s-461314/locations/us-central1-c/clusters/main",
            "identity_service_config": [],
            "in_transit_encryption_config": "",
            "initial_node_count": 1,
            "ip_allocation_policy": [
              {
                "additional_pod_ranges_config": [],
                "cluster_ipv4_cidr_block": "10.48.0.0/14",
                "cluster_secondary_range_name": "gke-main-pods-d8ba8b05",
                "pod_cidr_overprovision_config": [
                  {
                    "disabled": false
                  }
                ],
                "services_ipv4_cidr_block": "34.118.224.0/20",
                "services_secondary_range_name": "",
                "stack_type": "IPV4"
              }
            ],
            "label_fingerprint": "78cdf2f6",
            "location": "us-central1-c",
            "logging_config": [
              {
                "enable_components": [
                  "SYSTEM_COMPONENTS",
                  "WORKLOADS"
                ]
              }
            ],
            "logging_service": "logging.googleapis.com/kubernetes",
            "maintenance_policy": [],
            "master_auth": [
              {
                "client_certificate": "",
                "client_certificate_config": [
                  {
                    "issue_client_certificate": false
                  }
                ],
                "client_key": "",
                "cluster_ca_certificate": "LS0tLS1CRUdJTiBDRVJUSUZJQ0FURS0tLS0tCk1JSUVMVENDQXBXZ0F3SUJBZ0lSQU1CQUtyWjJ5SVQ0d3QyTW4zeTdsamt3RFFZSktvWklodmNOQVFFTEJRQXcKTHpFdE1Dc0dBMVVFQXhNa01EUmhPRGt5TW1ZdE1UVXpZeTAwT0RjekxUa3pNMkV0TnpRM056WmtOekUyTnpGbApNQ0FYRFRJMU1EWXlOakV5TWpReE5Wb1lEekl3TlRVd05qRTVNVE15TkRFMVdqQXZNUzB3S3dZRFZRUURFeVF3Ck5HRTRPVEl5WmkweE5UTmpMVFE0TnpNdE9UTXpZUzAzTkRjM05tUTNNVFkzTVdVd2dnR2lNQTBHQ1NxR1NJYjMKRFFFQkFRVUFBNElCandBd2dnR0tBb0lCZ1FDdHpXQ1VJdjhRNkQ0b1g2RUt3emlGam5jMS9UUXlieGYrNFdJaQpWYXptNHJqMWZ0TUhqSEE5UUVIZFJ5c3RkbjdrS0JIVTZURFpqc1k0VW9SdzFYRnBpd250bTFET1A5dnJnWkNLCmJqMVEvUW1kSUhDdGdVVXNMblU2OHkxYUFRQzAxemdGbFZvdmo0V053R09sY3pFVHFmVGxZcmdKdXJ3ek1qTWMKOWl3K2V1aFcxWkRJN3Z1MGl5WlBsb3BpeDJiYTZmT3VDNnNuUm5pWi9EWElFMnB1RHhtQjMrd3Z1dzNPRVlJdwo5R3JTUEhRTzJqS3lFNG53amg2b3FTZVRuUGV1NUg5L3dqcDVYbDhueW9WWFMwZS8rUk9yWGc0NzhhYkNjOHVZCmF4U0xxaVNkcU1CYXptZmRYcjhhOGlIOGNHVm4wemtWN2x0TklWdmRoREtXOWR3ckdia3M1R3dPVXpOZHN0aUoKTlJiUG1CRkZWR1VLbkZJSmtsQ1VjL1NCSFc0VjFtVU5oQk9ldnJZa21kQzd1TGhoeEFkY2FnQ3VVNUNvaEkyVwo0aGhRbXVMRlRLYVdnS2VzOXZJUG9sd0h6Sk9XRk1YejJzNExXdXlEdmtJOUtHRFBnb2JJNWI2akNPQUtwZTBXCjJhVXZZMlovSjloUlFDd0w5cnlGc09ySE1Ca0NBd0VBQWFOQ01FQXdEZ1lEVlIwUEFRSC9CQVFEQWdJRU1BOEcKQTFVZEV3RUIvd1FGTUFNQkFmOHdIUVlEVlIwT0JCWUVGTmt1SlVRU0FPazU2WTc2N1BWcUtmOTYraXlqTUEwRwpDU3FHU0liM0RRRUJDd1VBQTRJQmdRQ2dZeGpvc3pRUFBPbmd0V0lrdTB6UVhlaUhRSVE3bkVVNG1tQ0VUSzA0CkdURkZ5WGF1S3Bpb2xEM2Z2bmYvcFBybWRPMVAzelRnMDNHbFgzNHQrREJPY2Z1WnJ1QWJPUXJlazlMSVliK20KbTZwRWRUa3ZsMnY5MUxpcDNjZHNiVXQyKzIrc3NTaWRpdm0vbENxQUhMNjRCWGJrd1k5WXc4UTg0YXQvOUVMUwpSNXlJZVB2Rkp3QVRXaDA0V1NMZzRpUlRuNmxaRTdrSG94N1lmMWpNVE1HUjJXV0ovRmVGcXBNOVRGL2tpVjdtClFWNkNVYUJMaG05VjQ5N1Q0Z09uVWdPQXQ4Z3NxSEFKSWNSc3Vwbm9DdkpIQWdxd0ZiRllPR2lCMmhvNm8rUjkKZW56WUkzMUdDWHVZVU9zTDd5M29sa1cyb2p0WVlJMUQ0S2h2Yy9Eb2xPZk9iNjZaNFRUZzdaTUk2KzZuajQwdwpJUHhZRFZ4NWRXUklKa0lrRlBPNldhcEhEa2MxV2RoWlV5WGdyMDFob2NIRzFmL2ZIZHlhUkoyaU16KzN5a0pFCjZid3VVK0llV0Yxa05lWVBuaVdEV29FYkFNUVQ4amhOdXgyamxGb1pEZ3d0MGxNR2pXUVdFSFFMQjZQeHMwb1QKL2JaYUIyLzFkV0VyQzFtd1BsOFh1MGc9Ci0tLS0tRU5EIENFUlRJRklDQVRFLS0tLS0K"
              }
            ],
            "master_authorized_networks_config": [],
            "master_version": "1.32.4-gke.1415000",
            "mesh_certificates": [],
            "min_master_version": null,
            "monitoring_config": [
              {
                "advanced_datapath_observability_config": [
                  {
                    "enable_metrics": false,
                    "enable_relay": false
                  }
                ],
                "enable_components": [
                  "SYSTEM_COMPONENTS",
                  "HPA",
                  "POD",
                  "DAEMONSET",
                  "DEPLOYMENT",
                  "STATEFULSET",
                  "JOBSET",
                  "STORAGE",
                  "CADVISOR",
                  "KUBELET",
                  "DCGM"
                ],
                "managed_prometheus": [
                  {
                    "auto_monitoring_config": [],
                    "enabled": true
                  }
                ]
              }
            ],
            "monitoring_service": "monitoring.googleapis.com/kubernetes",
            "name": "main",
            "network": "projects/my-k8s-461314/global/networks/default",
            "network_performance_config": [],
            "network_policy": [
              {
                "enabled": false,
                "provider": "PROVIDER_UNSPECIFIED"
              }
            ],
            "networking_mode": "VPC_NATIVE",
            "node_config": [],
            "node_locations": [],
            "node_pool": [],
            "node_pool_auto_config": [
              {
                "linux_node_config": [],
                "network_tags": [],
                "node_kubelet_config": [
                  {
                    "insecure_kubelet_readonly_port_enabled": "FALSE"
                  }
                ],
                "resource_manager_tags": {}
              }
            ],
            "node_pool_defaults": [
              {
                "node_config_defaults": [
                  {
                    "containerd_config": [],
                    "gcfs_config": [],
                    "insecure_kubelet_readonly_port_enabled": "FALSE",
                    "logging_variant": "DEFAULT"
                  }
                ]
              }
            ],
            "node_version": "1.32.4-gke.1415000",
            "notification_config": [
              {
                "pubsub": [
                  {
                    "enabled": false,
                    "filter": [],
                    "topic": ""
                  }
                ]
              }
            ],
            "operation": null,
            "pod_autoscaling": [
              {
                "hpa_profile": "HPA_PROFILE_UNSPECIFIED"
              }
            ],
            "private_cluster_config": [
              {
                "enable_private_endpoint": false,
                "enable_private_nodes": false,
                "master_global_access_config": [
                  {
                    "enabled": false
                  }
                ],
                "master_ipv4_cidr_block": "",
                "peering_name": "",
                "private_endpoint": "10.128.0.37",
                "private_endpoint_subnetwork": "",
                "public_endpoint": "34.27.172.133"
              }
            ],
            "private_ipv6_google_access": "",
            "project": "my-k8s-461314",
            "release_channel": [
              {
                "channel": "REGULAR"
              }
            ],
            "remove_default_node_pool": null,
            "resource_labels": {
              "goog-terraform-provisioned": "true"
            },
            "resource_usage_export_config": [],
            "secret_manager_config": [
              {
                "enabled": false
              }
            ],
            "security_posture_config": [
              {
                "mode": "BASIC",
                "vulnerability_mode": "VULNERABILITY_MODE_UNSPECIFIED"
              }
            ],
            "self_link": "https://container.googleapis.com/v1/projects/my-k8s-461314/zones/us-central1-c/clusters/main",
            "service_external_ips_config": [
              {
                "enabled": false
              }
            ],
            "services_ipv4_cidr": "34.118.224.0/20",
            "subnetwork": "projects/my-k8s-461314/regions/us-central1/subnetworks/default",
            "terraform_labels": {
              "goog-terraform-provisioned": "true"
            },
            "tpu_ipv4_cidr_block": "",
            "user_managed_keys_config": [],
            "vertical_pod_autoscaling": [],
            "workload_identity_config": []
          },
          "sensitive_attributes": []
        }
      ]
    },
    {
      "module": "module.gke_cluster",
      "mode": "managed",
      "type": "google_container_cluster",
      "name": "this",
      "provider": "module.gke_cluster.provider[\"registry.terraform.io/hashicorp/google\"]",
      "instances": [
        {
          "schema_version": 2,
          "attributes": {
            "addons_config": [
              {
                "cloudrun_config": [],
                "config_connector_config": [],
                "dns_cache_config": [],
                "gce_persistent_disk_csi_driver_config": [
                  {
                    "enabled": true
                  }
                ],
                "gcp_filestore_csi_driver_config": [],
                "gcs_fuse_csi_driver_config": [],
                "gke_backup_agent_config": [],
                "horizontal_pod_autoscaling": [],
                "http_load_balancing": [],
                "network_policy_config": [
                  {
                    "disabled": true
                  }
                ],
                "parallelstore_csi_driver_config": [],
                "ray_operator_config": [],
                "stateful_ha_config": []
              }
            ],
            "allow_net_admin": null,
            "authenticator_groups_config": [],
            "binary_authorization": [
              {
                "enabled": false,
                "evaluation_mode": ""
              }
            ],
            "cluster_autoscaling": [
              {
                "auto_provisioning_defaults": [],
                "auto_provisioning_locations": [],
                "autoscaling_profile": "BALANCED",
                "enabled": false,
                "resource_limits": []
              }
            ],
            "cluster_ipv4_cidr": "10.48.0.0/14",
            "confidential_nodes": [],
            "control_plane_endpoints_config": [
              {
                "dns_endpoint_config": [
                  {
                    "allow_external_traffic": false,
                    "endpoint": "gke-d8ba8b054824403991ccecf2bfa82accd252-509378241741.us-central1-c.gke.goog"
                  }
                ],
                "ip_endpoints_config": [
                  {
                    "enabled": true
                  }
                ]
              }
            ],
            "cost_management_config": [],
            "database_encryption": [
              {
                "key_name": "",
                "state": "DECRYPTED"
              }
            ],
            "datapath_provider": "",
            "default_max_pods_per_node": 110,
            "default_snat_status": [
              {
                "disabled": false
              }
            ],
            "deletion_protection": false,
            "description": "",
            "disable_l4_lb_firewall_reconciliation": false,
            "dns_config": [],
            "effective_labels": {
              "goog-terraform-provisioned": "true"
            },
            "enable_autopilot": false,
            "enable_cilium_clusterwide_network_policy": false,
            "enable_fqdn_network_policy": false,
            "enable_intranode_visibility": false,
            "enable_k8s_beta_apis": [],
            "enable_kubernetes_alpha": false,
            "enable_l4_ilb_subsetting": false,
            "enable_legacy_abac": false,
            "enable_multi_networking": false,
            "enable_shielded_nodes": true,
            "enable_tpu": false,
            "endpoint": "34.27.172.133",
            "enterprise_config": [
              {
                "cluster_tier": "STANDARD",
                "desired_tier": ""
              }
            ],
            "fleet": [],
            "gateway_api_config": [],
            "id": "projects/my-k8s-461314/locations/us-central1-c/clusters/main",
            "identity_service_config": [],
            "in_transit_encryption_config": "",
            "initial_node_count": 1,
            "ip_allocation_policy": [
              {
                "additional_pod_ranges_config": [],
                "cluster_ipv4_cidr_block": "10.48.0.0/14",
                "cluster_secondary_range_name": "gke-main-pods-d8ba8b05",
                "pod_cidr_overprovision_config": [
                  {
                    "disabled": false
                  }
                ],
                "services_ipv4_cidr_block": "34.118.224.0/20",
                "services_secondary_range_name": "",
                "stack_type": "IPV4"
              }
            ],
            "label_fingerprint": "78cdf2f6",
            "location": "us-central1-c",
            "logging_config": [
              {
                "enable_components": [
                  "SYSTEM_COMPONENTS",
                  "WORKLOADS"
                ]
              }
            ],
            "logging_service": "logging.googleapis.com/kubernetes",
            "maintenance_policy": [],
            "master_auth": [
              {
                "client_certificate": "",
                "client_certificate_config": [
                  {
                    "issue_client_certificate": false
                  }
                ],
                "client_key": "",
                "cluster_ca_certificate": "LS0tLS1CRUdJTiBDRVJUSUZJQ0FURS0tLS0tCk1JSUVMVENDQXBXZ0F3SUJBZ0lSQU1CQUtyWjJ5SVQ0d3QyTW4zeTdsamt3RFFZSktvWklodmNOQVFFTEJRQXcKTHpFdE1Dc0dBMVVFQXhNa01EUmhPRGt5TW1ZdE1UVXpZeTAwT0RjekxUa3pNMkV0TnpRM056WmtOekUyTnpGbApNQ0FYRFRJMU1EWXlOakV5TWpReE5Wb1lEekl3TlRVd05qRTVNVE15TkRFMVdqQXZNUzB3S3dZRFZRUURFeVF3Ck5HRTRPVEl5WmkweE5UTmpMVFE0TnpNdE9UTXpZUzAzTkRjM05tUTNNVFkzTVdVd2dnR2lNQTBHQ1NxR1NJYjMKRFFFQkFRVUFBNElCandBd2dnR0tBb0lCZ1FDdHpXQ1VJdjhRNkQ0b1g2RUt3emlGam5jMS9UUXlieGYrNFdJaQpWYXptNHJqMWZ0TUhqSEE5UUVIZFJ5c3RkbjdrS0JIVTZURFpqc1k0VW9SdzFYRnBpd250bTFET1A5dnJnWkNLCmJqMVEvUW1kSUhDdGdVVXNMblU2OHkxYUFRQzAxemdGbFZvdmo0V053R09sY3pFVHFmVGxZcmdKdXJ3ek1qTWMKOWl3K2V1aFcxWkRJN3Z1MGl5WlBsb3BpeDJiYTZmT3VDNnNuUm5pWi9EWElFMnB1RHhtQjMrd3Z1dzNPRVlJdwo5R3JTUEhRTzJqS3lFNG53amg2b3FTZVRuUGV1NUg5L3dqcDVYbDhueW9WWFMwZS8rUk9yWGc0NzhhYkNjOHVZCmF4U0xxaVNkcU1CYXptZmRYcjhhOGlIOGNHVm4wemtWN2x0TklWdmRoREtXOWR3ckdia3M1R3dPVXpOZHN0aUoKTlJiUG1CRkZWR1VLbkZJSmtsQ1VjL1NCSFc0VjFtVU5oQk9ldnJZa21kQzd1TGhoeEFkY2FnQ3VVNUNvaEkyVwo0aGhRbXVMRlRLYVdnS2VzOXZJUG9sd0h6Sk9XRk1YejJzNExXdXlEdmtJOUtHRFBnb2JJNWI2akNPQUtwZTBXCjJhVXZZMlovSjloUlFDd0w5cnlGc09ySE1Ca0NBd0VBQWFOQ01FQXdEZ1lEVlIwUEFRSC9CQVFEQWdJRU1BOEcKQTFVZEV3RUIvd1FGTUFNQkFmOHdIUVlEVlIwT0JCWUVGTmt1SlVRU0FPazU2WTc2N1BWcUtmOTYraXlqTUEwRwpDU3FHU0liM0RRRUJDd1VBQTRJQmdRQ2dZeGpvc3pRUFBPbmd0V0lrdTB6UVhlaUhRSVE3bkVVNG1tQ0VUSzA0CkdURkZ5WGF1S3Bpb2xEM2Z2bmYvcFBybWRPMVAzelRnMDNHbFgzNHQrREJPY2Z1WnJ1QWJPUXJlazlMSVliK20KbTZwRWRUa3ZsMnY5MUxpcDNjZHNiVXQyKzIrc3NTaWRpdm0vbENxQUhMNjRCWGJrd1k5WXc4UTg0YXQvOUVMUwpSNXlJZVB2Rkp3QVRXaDA0V1NMZzRpUlRuNmxaRTdrSG94N1lmMWpNVE1HUjJXV0ovRmVGcXBNOVRGL2tpVjdtClFWNkNVYUJMaG05VjQ5N1Q0Z09uVWdPQXQ4Z3NxSEFKSWNSc3Vwbm9DdkpIQWdxd0ZiRllPR2lCMmhvNm8rUjkKZW56WUkzMUdDWHVZVU9zTDd5M29sa1cyb2p0WVlJMUQ0S2h2Yy9Eb2xPZk9iNjZaNFRUZzdaTUk2KzZuajQwdwpJUHhZRFZ4NWRXUklKa0lrRlBPNldhcEhEa2MxV2RoWlV5WGdyMDFob2NIRzFmL2ZIZHlhUkoyaU16KzN5a0pFCjZid3VVK0llV0Yxa05lWVBuaVdEV29FYkFNUVQ4amhOdXgyamxGb1pEZ3d0MGxNR2pXUVdFSFFMQjZQeHMwb1QKL2JaYUIyLzFkV0VyQzFtd1BsOFh1MGc9Ci0tLS0tRU5EIENFUlRJRklDQVRFLS0tLS0K"
              }
            ],
            "master_authorized_networks_config": [],
            "master_version": "1.32.4-gke.1415000",
            "mesh_certificates": [],
            "min_master_version": null,
            "monitoring_config": [
              {
                "advanced_datapath_observability_config": [
                  {
                    "enable_metrics": false,
                    "enable_relay": false
                  }
                ],
                "enable_components": [
                  "SYSTEM_COMPONENTS",
                  "HPA",
                  "POD",
                  "DAEMONSET",
                  "DEPLOYMENT",
                  "STATEFULSET",
                  "JOBSET",
                  "STORAGE",
                  "CADVISOR",
                  "KUBELET",
                  "DCGM"
                ],
                "managed_prometheus": [
                  {
                    "auto_monitoring_config": [],
                    "enabled": true
                  }
                ]
              }
            ],
            "monitoring_service": "monitoring.googleapis.com/kubernetes",
            "name": "main",
            "network": "projects/my-k8s-461314/global/networks/default",
            "network_performance_config": [],
            "network_policy": [
              {
                "enabled": false,
                "provider": "PROVIDER_UNSPECIFIED"
              }
            ],
            "networking_mode": "VPC_NATIVE",
            "node_config": [],
            "node_locations": [],
            "node_pool": [],
            "node_pool_auto_config": [
              {
                "linux_node_config": [],
                "network_tags": [],
                "node_kubelet_config": [
                  {
                    "insecure_kubelet_readonly_port_enabled": "FALSE"
                  }
                ],
                "resource_manager_tags": {}
              }
            ],
            "node_pool_defaults": [
              {
                "node_config_defaults": [
                  {
                    "containerd_config": [],
                    "gcfs_config": [],
                    "insecure_kubelet_readonly_port_enabled": "FALSE",
                    "logging_variant": "DEFAULT"
                  }
                ]
              }
            ],
            "node_version": "1.32.4-gke.1415000",
            "notification_config": [
              {
                "pubsub": [
                  {
                    "enabled": false,
                    "filter": [],
                    "topic": ""
                  }
                ]
              }
            ],
            "operation": null,
            "pod_autoscaling": [
              {
                "hpa_profile": "HPA_PROFILE_UNSPECIFIED"
              }
            ],
            "private_cluster_config": [
              {
                "enable_private_endpoint": false,
                "enable_private_nodes": false,
                "master_global_access_config": [
                  {
                    "enabled": false
                  }
                ],
                "master_ipv4_cidr_block": "",
                "peering_name": "",
                "private_endpoint": "10.128.0.37",
                "private_endpoint_subnetwork": "",
                "public_endpoint": "34.27.172.133"
              }
            ],
            "private_ipv6_google_access": "",
            "project": "my-k8s-461314",
            "release_channel": [
              {
                "channel": "REGULAR"
              }
            ],
            "remove_default_node_pool": true,
            "resource_labels": null,
            "resource_usage_export_config": [],
            "secret_manager_config": [
              {
                "enabled": false
              }
            ],
            "security_posture_config": [
              {
                "mode": "BASIC",
                "vulnerability_mode": "VULNERABILITY_MODE_UNSPECIFIED"
              }
            ],
            "self_link": "https://container.googleapis.com/v1/projects/my-k8s-461314/zones/us-central1-c/clusters/main",
            "service_external_ips_config": [
              {
                "enabled": false
              }
            ],
            "services_ipv4_cidr": "34.118.224.0/20",
            "subnetwork": "projects/my-k8s-461314/regions/us-central1/subnetworks/default",
            "terraform_labels": {
              "goog-terraform-provisioned": "true"
            },
            "timeouts": null,
            "tpu_ipv4_cidr_block": "",
            "user_managed_keys_config": [],
            "vertical_pod_autoscaling": [],
            "workload_identity_config": []
          },
          "sensitive_attributes": [],
          "private": "eyJlMmJmYjczMC1lY2FhLTExZTYtOGY4OC0zNDM2M2JjN2M0YzAiOnsiY3JlYXRlIjoyNDAwMDAwMDAwMDAwLCJkZWxldGUiOjI0MDAwMDAwMDAwMDAsInJlYWQiOjI0MDAwMDAwMDAwMDAsInVwZGF0ZSI6MzYwMDAwMDAwMDAwMH0sInNjaGVtYV92ZXJzaW9uIjoiMiJ9"
        }
      ]
    },
    {
      "module": "module.gke_cluster",
      "mode": "managed",
      "type": "google_container_node_pool",
      "name": "this",
      "provider": "module.gke_cluster.provider[\"registry.terraform.io/hashicorp/google\"]",
      "instances": [
        {
          "schema_version": 1,
          "attributes": {
            "autoscaling": [],
            "cluster": "main",
            "id": "projects/my-k8s-461314/locations/us-central1-c/clusters/main/nodePools/main",
            "initial_node_count": 1,
            "instance_group_urls": [
              "https://www.googleapis.com/compute/v1/projects/my-k8s-461314/zones/us-central1-c/instanceGroupManagers/gke-main-main-6be7cc25-grp"
            ],
            "location": "us-central1-c",
            "managed_instance_group_urls": [
              "https://www.googleapis.com/compute/v1/projects/my-k8s-461314/zones/us-central1-c/instanceGroups/gke-main-main-6be7cc25-grp"
            ],
            "management": [
              {
                "auto_repair": true,
                "auto_upgrade": true
              }
            ],
            "max_pods_per_node": 110,
            "name": "main",
            "name_prefix": "",
            "network_config": [
              {
                "additional_node_network_configs": [],
                "additional_pod_network_configs": [],
                "create_pod_range": false,
                "enable_private_nodes": false,
                "network_performance_config": [],
                "pod_cidr_overprovision_config": [],
                "pod_ipv4_cidr_block": "10.48.0.0/14",
                "pod_range": "gke-main-pods-d8ba8b05"
              }
            ],
            "node_config": [
              {
                "advanced_machine_features": [],
                "boot_disk_kms_key": "",
                "confidential_nodes": [],
                "containerd_config": [],
                "disk_size_gb": 20,
                "disk_type": "pd-balanced",
                "effective_taints": [],
                "enable_confidential_storage": false,
                "ephemeral_storage_local_ssd_config": [],
                "fast_socket": [],
                "flex_start": false,
                "gcfs_config": [],
                "guest_accelerator": [],
                "gvnic": [],
                "host_maintenance_policy": [],
                "image_type": "COS_CONTAINERD",
                "kubelet_config": [
                  {
                    "allowed_unsafe_sysctls": [],
                    "container_log_max_files": 0,
                    "container_log_max_size": "",
                    "cpu_cfs_quota": false,
                    "cpu_cfs_quota_period": "",
                    "cpu_manager_policy": "",
                    "image_gc_high_threshold_percent": 0,
                    "image_gc_low_threshold_percent": 0,
                    "image_maximum_gc_age": "",
                    "image_minimum_gc_age": "",
                    "insecure_kubelet_readonly_port_enabled": "FALSE",
                    "pod_pids_limit": 0
                  }
                ],
                "labels": {},
                "linux_node_config": [],
                "local_nvme_ssd_block_config": [],
                "local_ssd_count": 0,
                "local_ssd_encryption_mode": "",
                "logging_variant": "DEFAULT",
                "machine_type": "g1-small",
                "max_run_duration": "",
                "metadata": {
                  "disable-legacy-endpoints": "true"
                },
                "min_cpu_platform": "",
                "node_group": "",
                "oauth_scopes": [
                  "https://www.googleapis.com/auth/cloud-platform"
                ],
                "preemptible": false,
                "reservation_affinity": [],
                "resource_labels": {
                  "goog-gke-node-pool-provisioning-model": "on-demand"
                },
                "resource_manager_tags": null,
                "secondary_boot_disks": [],
                "service_account": "default",
                "shielded_instance_config": [
                  {
                    "enable_integrity_monitoring": true,
                    "enable_secure_boot": false
                  }
                ],
                "sole_tenant_config": [],
                "spot": false,
                "storage_pools": null,
                "tags": null,
                "taint": [],
                "windows_node_config": [
                  {
                    "osversion": ""
                  }
                ],
                "workload_metadata_config": []
              }
            ],
            "node_count": 1,
            "node_locations": [
              "us-central1-c"
            ],
            "operation": null,
            "placement_policy": [],
            "project": "my-k8s-461314",
            "queued_provisioning": [],
            "timeouts": null,
            "upgrade_settings": [
              {
                "blue_green_settings": [],
                "max_surge": 1,
                "max_unavailable": 0,
                "strategy": "SURGE"
              }
            ],
            "version": "1.32.4-gke.1415000"
          },
          "sensitive_attributes": [],
          "private": "eyJlMmJmYjczMC1lY2FhLTExZTYtOGY4OC0zNDM2M2JjN2M0YzAiOnsiY3JlYXRlIjoxODAwMDAwMDAwMDAwLCJkZWxldGUiOjE4MDAwMDAwMDAwMDAsInVwZGF0ZSI6MTgwMDAwMDAwMDAwMH0sInNjaGVtYV92ZXJzaW9uIjoiMSJ9",
          "dependencies": [
            "module.gke_cluster.google_container_cluster.this"
          ]
        }
      ]
    },
    {
      "module": "module.gke_cluster.module.gke_auth",
      "mode": "data",
      "type": "google_client_config",
      "name": "provider",
      "provider": "module.gke_cluster.provider[\"registry.terraform.io/hashicorp/google\"]",
      "instances": [
        {
          "schema_version": 0,
          "attributes": {
            "access_token": "ya29.a0AS3H6NzsDGx3mz-odQoKy5B11XYnUfm0JfZ1FyZTWKftgevxfz-oUj1z4vQ2S4Mo22Y55Ob1E4WHrEGyIrSB89-pNDkf-5_wbc55klMH4vK-LKtPlf8Q-VTPgHMO9i5Mw6zg5LGhyrGxInrZIAa5_CmA91fZvslPqs8aCKUjacC_U_sBg5YEE8Q8kYT0JtUb-a9JnzEZ773vhiYwcJwBpHmcABlkS4qx6TFBgEY5sqlkSLSNnqIuFZx6L0O-7QSYZDJ3I-4EVf-fbmKpVx_MoJB3XFCOX-kCkCKifiBaUEzPAR61C_XsMBM4YJHzNm4f-S0rd28mCAaCgYKAW4SARUSFQHGX2Miaiw-sRva2LyPD0xgBztgQw0337",
            "default_labels": {},
            "id": "projects/my-k8s-461314/regions/us-central1-c/zones/",
            "project": "my-k8s-461314",
            "region": "us-central1-c",
            "zone": ""
          },
          "sensitive_attributes": []
        }
      ]
    },
    {
      "module": "module.gke_cluster.module.gke_auth",
      "mode": "data",
      "type": "google_container_cluster",
      "name": "gke_cluster",
      "provider": "module.gke_cluster.provider[\"registry.terraform.io/hashicorp/google\"]",
      "instances": [
        {
          "schema_version": 0,
          "attributes": {
            "addons_config": [
              {
                "cloudrun_config": [],
                "config_connector_config": [],
                "dns_cache_config": [],
                "gce_persistent_disk_csi_driver_config": [
                  {
                    "enabled": true
                  }
                ],
                "gcp_filestore_csi_driver_config": [],
                "gcs_fuse_csi_driver_config": [],
                "gke_backup_agent_config": [],
                "horizontal_pod_autoscaling": [],
                "http_load_balancing": [],
                "network_policy_config": [
                  {
                    "disabled": true
                  }
                ],
                "parallelstore_csi_driver_config": [],
                "ray_operator_config": [],
                "stateful_ha_config": []
              }
            ],
            "allow_net_admin": null,
            "authenticator_groups_config": [],
            "binary_authorization": [
              {
                "enabled": false,
                "evaluation_mode": ""
              }
            ],
            "cluster_autoscaling": [
              {
                "auto_provisioning_defaults": [],
                "auto_provisioning_locations": [],
                "autoscaling_profile": "BALANCED",
                "enabled": false,
                "resource_limits": []
              }
            ],
            "cluster_ipv4_cidr": "10.48.0.0/14",
            "confidential_nodes": [],
            "control_plane_endpoints_config": [
              {
                "dns_endpoint_config": [
                  {
                    "allow_external_traffic": false,
                    "endpoint": "gke-d8ba8b054824403991ccecf2bfa82accd252-509378241741.us-central1-c.gke.goog"
                  }
                ],
                "ip_endpoints_config": [
                  {
                    "enabled": true
                  }
                ]
              }
            ],
            "cost_management_config": [],
            "database_encryption": [
              {
                "key_name": "",
                "state": "DECRYPTED"
              }
            ],
            "datapath_provider": "",
            "default_max_pods_per_node": 110,
            "default_snat_status": [
              {
                "disabled": false
              }
            ],
            "deletion_protection": null,
            "description": "",
            "disable_l4_lb_firewall_reconciliation": false,
            "dns_config": [],
            "effective_labels": {
              "goog-terraform-provisioned": "true"
            },
            "enable_autopilot": false,
            "enable_cilium_clusterwide_network_policy": false,
            "enable_fqdn_network_policy": false,
            "enable_intranode_visibility": false,
            "enable_k8s_beta_apis": [],
            "enable_kubernetes_alpha": false,
            "enable_l4_ilb_subsetting": false,
            "enable_legacy_abac": false,
            "enable_multi_networking": false,
            "enable_shielded_nodes": true,
            "enable_tpu": false,
            "endpoint": "34.27.172.133",
            "enterprise_config": [
              {
                "cluster_tier": "STANDARD",
                "desired_tier": ""
              }
            ],
            "fleet": [],
            "gateway_api_config": [],
            "id": "projects/my-k8s-461314/locations/us-central1-c/clusters/main",
            "identity_service_config": [],
            "in_transit_encryption_config": "",
            "initial_node_count": 1,
            "ip_allocation_policy": [
              {
                "additional_pod_ranges_config": [],
                "cluster_ipv4_cidr_block": "10.48.0.0/14",
                "cluster_secondary_range_name": "gke-main-pods-d8ba8b05",
                "pod_cidr_overprovision_config": [
                  {
                    "disabled": false
                  }
                ],
                "services_ipv4_cidr_block": "34.118.224.0/20",
                "services_secondary_range_name": "",
                "stack_type": "IPV4"
              }
            ],
            "label_fingerprint": "78cdf2f6",
            "location": "us-central1-c",
            "logging_config": [
              {
                "enable_components": [
                  "SYSTEM_COMPONENTS",
                  "WORKLOADS"
                ]
              }
            ],
            "logging_service": "logging.googleapis.com/kubernetes",
            "maintenance_policy": [],
            "master_auth": [
              {
                "client_certificate": "",
                "client_certificate_config": [
                  {
                    "issue_client_certificate": false
                  }
                ],
                "client_key": "",
                "cluster_ca_certificate": "LS0tLS1CRUdJTiBDRVJUSUZJQ0FURS0tLS0tCk1JSUVMVENDQXBXZ0F3SUJBZ0lSQU1CQUtyWjJ5SVQ0d3QyTW4zeTdsamt3RFFZSktvWklodmNOQVFFTEJRQXcKTHpFdE1Dc0dBMVVFQXhNa01EUmhPRGt5TW1ZdE1UVXpZeTAwT0RjekxUa3pNMkV0TnpRM056WmtOekUyTnpGbApNQ0FYRFRJMU1EWXlOakV5TWpReE5Wb1lEekl3TlRVd05qRTVNVE15TkRFMVdqQXZNUzB3S3dZRFZRUURFeVF3Ck5HRTRPVEl5WmkweE5UTmpMVFE0TnpNdE9UTXpZUzAzTkRjM05tUTNNVFkzTVdVd2dnR2lNQTBHQ1NxR1NJYjMKRFFFQkFRVUFBNElCandBd2dnR0tBb0lCZ1FDdHpXQ1VJdjhRNkQ0b1g2RUt3emlGam5jMS9UUXlieGYrNFdJaQpWYXptNHJqMWZ0TUhqSEE5UUVIZFJ5c3RkbjdrS0JIVTZURFpqc1k0VW9SdzFYRnBpd250bTFET1A5dnJnWkNLCmJqMVEvUW1kSUhDdGdVVXNMblU2OHkxYUFRQzAxemdGbFZvdmo0V053R09sY3pFVHFmVGxZcmdKdXJ3ek1qTWMKOWl3K2V1aFcxWkRJN3Z1MGl5WlBsb3BpeDJiYTZmT3VDNnNuUm5pWi9EWElFMnB1RHhtQjMrd3Z1dzNPRVlJdwo5R3JTUEhRTzJqS3lFNG53amg2b3FTZVRuUGV1NUg5L3dqcDVYbDhueW9WWFMwZS8rUk9yWGc0NzhhYkNjOHVZCmF4U0xxaVNkcU1CYXptZmRYcjhhOGlIOGNHVm4wemtWN2x0TklWdmRoREtXOWR3ckdia3M1R3dPVXpOZHN0aUoKTlJiUG1CRkZWR1VLbkZJSmtsQ1VjL1NCSFc0VjFtVU5oQk9ldnJZa21kQzd1TGhoeEFkY2FnQ3VVNUNvaEkyVwo0aGhRbXVMRlRLYVdnS2VzOXZJUG9sd0h6Sk9XRk1YejJzNExXdXlEdmtJOUtHRFBnb2JJNWI2akNPQUtwZTBXCjJhVXZZMlovSjloUlFDd0w5cnlGc09ySE1Ca0NBd0VBQWFOQ01FQXdEZ1lEVlIwUEFRSC9CQVFEQWdJRU1BOEcKQTFVZEV3RUIvd1FGTUFNQkFmOHdIUVlEVlIwT0JCWUVGTmt1SlVRU0FPazU2WTc2N1BWcUtmOTYraXlqTUEwRwpDU3FHU0liM0RRRUJDd1VBQTRJQmdRQ2dZeGpvc3pRUFBPbmd0V0lrdTB6UVhlaUhRSVE3bkVVNG1tQ0VUSzA0CkdURkZ5WGF1S3Bpb2xEM2Z2bmYvcFBybWRPMVAzelRnMDNHbFgzNHQrREJPY2Z1WnJ1QWJPUXJlazlMSVliK20KbTZwRWRUa3ZsMnY5MUxpcDNjZHNiVXQyKzIrc3NTaWRpdm0vbENxQUhMNjRCWGJrd1k5WXc4UTg0YXQvOUVMUwpSNXlJZVB2Rkp3QVRXaDA0V1NMZzRpUlRuNmxaRTdrSG94N1lmMWpNVE1HUjJXV0ovRmVGcXBNOVRGL2tpVjdtClFWNkNVYUJMaG05VjQ5N1Q0Z09uVWdPQXQ4Z3NxSEFKSWNSc3Vwbm9DdkpIQWdxd0ZiRllPR2lCMmhvNm8rUjkKZW56WUkzMUdDWHVZVU9zTDd5M29sa1cyb2p0WVlJMUQ0S2h2Yy9Eb2xPZk9iNjZaNFRUZzdaTUk2KzZuajQwdwpJUHhZRFZ4NWRXUklKa0lrRlBPNldhcEhEa2MxV2RoWlV5WGdyMDFob2NIRzFmL2ZIZHlhUkoyaU16KzN5a0pFCjZid3VVK0llV0Yxa05lWVBuaVdEV29FYkFNUVQ4amhOdXgyamxGb1pEZ3d0MGxNR2pXUVdFSFFMQjZQeHMwb1QKL2JaYUIyLzFkV0VyQzFtd1BsOFh1MGc9Ci0tLS0tRU5EIENFUlRJRklDQVRFLS0tLS0K"
              }
            ],
            "master_authorized_networks_config": [],
            "master_version": "1.32.4-gke.1415000",
            "mesh_certificates": [],
            "min_master_version": null,
            "monitoring_config": [
              {
                "advanced_datapath_observability_config": [
                  {
                    "enable_metrics": false,
                    "enable_relay": false
                  }
                ],
                "enable_components": [
                  "SYSTEM_COMPONENTS",
                  "HPA",
                  "POD",
                  "DAEMONSET",
                  "DEPLOYMENT",
                  "STATEFULSET",
                  "JOBSET",
                  "STORAGE",
                  "CADVISOR",
                  "KUBELET",
                  "DCGM"
                ],
                "managed_prometheus": [
                  {
                    "auto_monitoring_config": [],
                    "enabled": true
                  }
                ]
              }
            ],
            "monitoring_service": "monitoring.googleapis.com/kubernetes",
            "name": "main",
            "network": "projects/my-k8s-461314/global/networks/default",
            "network_performance_config": [],
            "network_policy": [
              {
                "enabled": false,
                "provider": "PROVIDER_UNSPECIFIED"
              }
            ],
            "networking_mode": "VPC_NATIVE",
            "node_config": [],
            "node_locations": [],
            "node_pool": [],
            "node_pool_auto_config": [
              {
                "linux_node_config": [],
                "network_tags": [],
                "node_kubelet_config": [
                  {
                    "insecure_kubelet_readonly_port_enabled": "FALSE"
                  }
                ],
                "resource_manager_tags": {}
              }
            ],
            "node_pool_defaults": [
              {
                "node_config_defaults": [
                  {
                    "containerd_config": [],
                    "gcfs_config": [],
                    "insecure_kubelet_readonly_port_enabled": "FALSE",
                    "logging_variant": "DEFAULT"
                  }
                ]
              }
            ],
            "node_version": "1.32.4-gke.1415000",
            "notification_config": [
              {
                "pubsub": [
                  {
                    "enabled": false,
                    "filter": [],
                    "topic": ""
                  }
                ]
              }
            ],
            "operation": null,
            "pod_autoscaling": [
              {
                "hpa_profile": "HPA_PROFILE_UNSPECIFIED"
              }
            ],
            "private_cluster_config": [
              {
                "enable_private_endpoint": false,
                "enable_private_nodes": false,
                "master_global_access_config": [
                  {
                    "enabled": false
                  }
                ],
                "master_ipv4_cidr_block": "",
                "peering_name": "",
                "private_endpoint": "10.128.0.37",
                "private_endpoint_subnetwork": "",
                "public_endpoint": "34.27.172.133"
              }
            ],
            "private_ipv6_google_access": "",
            "project": "my-k8s-461314",
            "release_channel": [
              {
                "channel": "REGULAR"
              }
            ],
            "remove_default_node_pool": null,
            "resource_labels": {
              "goog-terraform-provisioned": "true"
            },
            "resource_usage_export_config": [],
            "secret_manager_config": [
              {
                "enabled": false
              }
            ],
            "security_posture_config": [
              {
                "mode": "BASIC",
                "vulnerability_mode": "VULNERABILITY_MODE_UNSPECIFIED"
              }
            ],
            "self_link": "https://container.googleapis.com/v1/projects/my-k8s-461314/zones/us-central1-c/clusters/main",
            "service_external_ips_config": [
              {
                "enabled": false
              }
            ],
            "services_ipv4_cidr": "34.118.224.0/20",
            "subnetwork": "projects/my-k8s-461314/regions/us-central1/subnetworks/default",
            "terraform_labels": {
              "goog-terraform-provisioned": "true"
            },
            "tpu_ipv4_cidr_block": "",
            "user_managed_keys_config": [],
            "vertical_pod_autoscaling": [],
            "workload_identity_config": []
          },
          "sensitive_attributes": []
        }
      ]
    },
    {
      "module": "module.tls_private_key",
      "mode": "managed",
      "type": "tls_private_key",
      "name": "this",
      "provider": "provider[\"registry.terraform.io/hashicorp/tls\"]",
      "instances": [
        {
          "schema_version": 1,
          "attributes": {
            "algorithm": "RSA",
            "ecdsa_curve": "P256",
            "id": "708fe39c18455ae395b3623da393135d6ff24fdd",
            "private_key_openssh": "-----BEGIN OPENSSH PRIVATE KEY-----\nb3BlbnNzaC1rZXktdjEAAAAABG5vbmUAAAAEbm9uZQAAAAAAAAABAAABFwAAAAdz\nc2gtcnNhAAAAAwEAAQAAAQEAzqJ1qHcnV0TezjVjap4XEPNnzsiGxSv8kmkW5cVD\nuoal+vVdXLxqBg/HtsrbjO+keaybcIhc2jF+BPmztuNx8EHv4h00yMJHLIbou54H\nzhQYPkzbz1J6bZin4tab4IvRfuT+PPxsjQuvyTzhJY1gES44y7jm0kbXgbkC6vkv\n1xl48eo58VgZGbwyLFHxred5UsSqwSrorfmf6gHXTWtLwMM+ZvPHJYbrz1Rdiz/1\nz+cxnDATW7fbolv5K1IMt7SnDc6tsGQf7MGdMrBrVuyjwDfmF4XY1yRRVjRyGE0Q\nYkbbczPxC4fgxjHcmf6dLkv5RDSvPjZP/3WjRWT//XwR5QAAA7id3167nd9euwAA\nAAdzc2gtcnNhAAABAQDOonWodydXRN7ONWNqnhcQ82fOyIbFK/ySaRblxUO6hqX6\n9V1cvGoGD8e2ytuM76R5rJtwiFzaMX4E+bO243HwQe/iHTTIwkcshui7ngfOFBg+\nTNvPUnptmKfi1pvgi9F+5P48/GyNC6/JPOEljWARLjjLuObSRteBuQLq+S/XGXjx\n6jnxWBkZvDIsUfGt53lSxKrBKuit+Z/qAddNa0vAwz5m88clhuvPVF2LP/XP5zGc\nMBNbt9uiW/krUgy3tKcNzq2wZB/swZ0ysGtW7KPAN+YXhdjXJFFWNHIYTRBiRttz\nM/ELh+DGMdyZ/p0uS/lENK8+Nk//daNFZP/9fBHlAAAAAwEAAQAAAQAWbHroNUYH\nqmmjZxfK0i0eoct6HTjC3Osj2FOry6R18XbBrS7ciXXYAo5hv9HjkX3/1kNoCuRI\nqWZLk+10w2nx8LXfi9vWjX67zkgjVBr0uimHWT/hV8oBareNXky8KXAqnR8Z7yq4\ng7Qn2nt0X8s1EhcHxKEH4LgyU6mFZlVSujbobnJMZIrBTfRUoTqVpIAxK6a1jajS\nxJqYGtdNTBgOf4x8wxV+c9y4AGroEnh3IG1eDcKfwab1jnee1zZYULd7D9mZx2tI\nyzoy85H6x0l7XbDZIyTyCdbH0jc2NBqn4wevxLlBNaTrzNPfxvUp6WRNdPznaSit\n4CZoEXGeqLVhAAAAgQDEwj60cQaSniCsZcpY/AsFchIEzmNvgEk74ofFph1WGERX\nMk9bO5sG0z2JRGAT8tC8J+gNK4LDtqexN/mc1fBVBwYgzLwj5up7q7eYFMHnVEPL\neboQZlbqV0D1IMjzRhiUxI1xsCzuwhVOnudDNq/rjSibMRHzepRuGrl4d3ikvwAA\nAIEA9TGfQ8ZflCvJO8ZU7gYsR88Jtflxr3bzkS7KJlY2K55qm2xWg//aPB1v0Z3P\nzgs0M8slV9egwHmuoey4Mnd2sAbRy8OAKn15UMIxaaxpo3db+YsiMHC4uj8WGCxD\nDIPXNz7EDLjITdiR2dz4Z7Bx7VImnZaNQg8ew2C43f2tD48AAACBANe9y98HThNC\n33dQMOBGuGRHsgibOEYobhuFLDGuOvrkvHPiuo2srkzIvrf35jOEc3pFjgUJQ3+v\n0yprRwUssbvb0Ttsa/vDIi37FkxO5MFpt30mBLLeQc5R082rILu79rY+7tjhCszB\nyqQe1IBUuZItnfdKt7zEifpgyk7q/c1LAAAAAAEC\n-----END OPENSSH PRIVATE KEY-----\n",
            "private_key_pem": "-----BEGIN RSA PRIVATE KEY-----\nMIIEpAIBAAKCAQEAzqJ1qHcnV0TezjVjap4XEPNnzsiGxSv8kmkW5cVDuoal+vVd\nXLxqBg/HtsrbjO+keaybcIhc2jF+BPmztuNx8EHv4h00yMJHLIbou54HzhQYPkzb\nz1J6bZin4tab4IvRfuT+PPxsjQuvyTzhJY1gES44y7jm0kbXgbkC6vkv1xl48eo5\n8VgZGbwyLFHxred5UsSqwSrorfmf6gHXTWtLwMM+ZvPHJYbrz1Rdiz/1z+cxnDAT\nW7fbolv5K1IMt7SnDc6tsGQf7MGdMrBrVuyjwDfmF4XY1yRRVjRyGE0QYkbbczPx\nC4fgxjHcmf6dLkv5RDSvPjZP/3WjRWT//XwR5QIDAQABAoIBABZseug1RgeqaaNn\nF8rSLR6hy3odOMLc6yPYU6vLpHXxdsGtLtyJddgCjmG/0eORff/WQ2gK5EipZkuT\n7XTDafHwtd+L29aNfrvOSCNUGvS6KYdZP+FXygFqt41eTLwpcCqdHxnvKriDtCfa\ne3RfyzUSFwfEoQfguDJTqYVmVVK6NuhuckxkisFN9FShOpWkgDErprWNqNLEmpga\n101MGA5/jHzDFX5z3LgAaugSeHcgbV4Nwp/BpvWOd57XNlhQt3sP2ZnHa0jLOjLz\nkfrHSXtdsNkjJPIJ1sfSNzY0GqfjB6/EuUE1pOvM09/G9SnpZE10/OdpKK3gJmgR\ncZ6otWECgYEA9TGfQ8ZflCvJO8ZU7gYsR88Jtflxr3bzkS7KJlY2K55qm2xWg//a\nPB1v0Z3Pzgs0M8slV9egwHmuoey4Mnd2sAbRy8OAKn15UMIxaaxpo3db+YsiMHC4\nuj8WGCxDDIPXNz7EDLjITdiR2dz4Z7Bx7VImnZaNQg8ew2C43f2tD48CgYEA173L\n3wdOE0Lfd1Aw4Ea4ZEeyCJs4RihuG4UsMa46+uS8c+K6jayuTMi+t/fmM4RzekWO\nBQlDf6/TKmtHBSyxu9vRO2xr+8MiLfsWTE7kwWm3fSYEst5BzlHTzasgu7v2tj7u\n2OEKzMHKpB7UgFS5ki2d90q3vMSJ+mDKTur9zUsCgYEAtp/QHR3q4KTATJpLdcH5\nRz7o37Y8O9GgVrl/7Y/25wQmKT9HLSfqty3BtGITfkcQCae8V7IOVG4NaSO0ijo6\nl59ssZUaqAsuybzqKug1AoELa1F7FJNQs7/7R+PnyLGGIerJASS8ZGbzM08HYcuk\n/3tZsbSJ3/L9Gc63wviH5vcCgYBcx2qdh260KdYgYYQjb0ZtGcgem2IgCdMQUr0m\nwF7s9uF0lNTViKWMr+gVBa8iCJwAwVjKIam9h8ewPmJUf1wQBgB9JatqoghY7dox\nBtypsOUQFQGASsTSDa6gjC+PjM4UogvliSIz3ENhQUDxz33et29vodpSe9M6sdVP\nCxAK8QKBgQDEwj60cQaSniCsZcpY/AsFchIEzmNvgEk74ofFph1WGERXMk9bO5sG\n0z2JRGAT8tC8J+gNK4LDtqexN/mc1fBVBwYgzLwj5up7q7eYFMHnVEPLeboQZlbq\nV0D1IMjzRhiUxI1xsCzuwhVOnudDNq/rjSibMRHzepRuGrl4d3ikvw==\n-----END RSA PRIVATE KEY-----\n",
            "private_key_pem_pkcs8": "-----BEGIN PRIVATE KEY-----\nMIIEvgIBADANBgkqhkiG9w0BAQEFAASCBKgwggSkAgEAAoIBAQDOonWodydXRN7O\nNWNqnhcQ82fOyIbFK/ySaRblxUO6hqX69V1cvGoGD8e2ytuM76R5rJtwiFzaMX4E\n+bO243HwQe/iHTTIwkcshui7ngfOFBg+TNvPUnptmKfi1pvgi9F+5P48/GyNC6/J\nPOEljWARLjjLuObSRteBuQLq+S/XGXjx6jnxWBkZvDIsUfGt53lSxKrBKuit+Z/q\nAddNa0vAwz5m88clhuvPVF2LP/XP5zGcMBNbt9uiW/krUgy3tKcNzq2wZB/swZ0y\nsGtW7KPAN+YXhdjXJFFWNHIYTRBiRttzM/ELh+DGMdyZ/p0uS/lENK8+Nk//daNF\nZP/9fBHlAgMBAAECggEAFmx66DVGB6ppo2cXytItHqHLeh04wtzrI9hTq8ukdfF2\nwa0u3Il12AKOYb/R45F9/9ZDaArkSKlmS5PtdMNp8fC134vb1o1+u85II1Qa9Lop\nh1k/4VfKAWq3jV5MvClwKp0fGe8quIO0J9p7dF/LNRIXB8ShB+C4MlOphWZVUro2\n6G5yTGSKwU30VKE6laSAMSumtY2o0sSamBrXTUwYDn+MfMMVfnPcuABq6BJ4dyBt\nXg3Cn8Gm9Y53ntc2WFC3ew/ZmcdrSMs6MvOR+sdJe12w2SMk8gnWx9I3NjQap+MH\nr8S5QTWk68zT38b1KelkTXT852koreAmaBFxnqi1YQKBgQD1MZ9Dxl+UK8k7xlTu\nBixHzwm1+XGvdvORLsomVjYrnmqbbFaD/9o8HW/Rnc/OCzQzyyVX16DAea6h7Lgy\nd3awBtHLw4AqfXlQwjFprGmjd1v5iyIwcLi6PxYYLEMMg9c3PsQMuMhN2JHZ3Phn\nsHHtUiadlo1CDx7DYLjd/a0PjwKBgQDXvcvfB04TQt93UDDgRrhkR7IImzhGKG4b\nhSwxrjr65Lxz4rqNrK5MyL639+YzhHN6RY4FCUN/r9Mqa0cFLLG729E7bGv7wyIt\n+xZMTuTBabd9JgSy3kHOUdPNqyC7u/a2Pu7Y4QrMwcqkHtSAVLmSLZ33Sre8xIn6\nYMpO6v3NSwKBgQC2n9AdHergpMBMmkt1wflHPujftjw70aBWuX/tj/bnBCYpP0ct\nJ+q3LcG0YhN+RxAJp7xXsg5Ubg1pI7SKOjqXn2yxlRqoCy7JvOoq6DUCgQtrUXsU\nk1Czv/tH4+fIsYYh6skBJLxkZvMzTwdhy6T/e1mxtInf8v0ZzrfC+Ifm9wKBgFzH\nap2HbrQp1iBhhCNvRm0ZyB6bYiAJ0xBSvSbAXuz24XSU1NWIpYyv6BUFryIInADB\nWMohqb2Hx7A+YlR/XBAGAH0lq2qiCFjt2jEG3Kmw5RAVAYBKxNINrqCML4+MzhSi\nC+WJIjPcQ2FBQPHPfd63b2+h2lJ70zqx1U8LEArxAoGBAMTCPrRxBpKeIKxlylj8\nCwVyEgTOY2+ASTvih8WmHVYYRFcyT1s7mwbTPYlEYBPy0Lwn6A0rgsO2p7E3+ZzV\n8FUHBiDMvCPm6nurt5gUwedUQ8t5uhBmVupXQPUgyPNGGJTEjXGwLO7CFU6e50M2\nr+uNKJsxEfN6lG4auXh3eKS/\n-----END PRIVATE KEY-----\n",
            "public_key_fingerprint_md5": "be:4f:53:d0:3c:fb:b7:d2:49:77:59:1f:09:84:14:4f",
            "public_key_fingerprint_sha256": "SHA256:hroQSmJ3Me2MTZkY1efs73KGJyEMus4ag707OlL3iK4",
            "public_key_openssh": "ssh-rsa AAAAB3NzaC1yc2EAAAADAQABAAABAQDOonWodydXRN7ONWNqnhcQ82fOyIbFK/ySaRblxUO6hqX69V1cvGoGD8e2ytuM76R5rJtwiFzaMX4E+bO243HwQe/iHTTIwkcshui7ngfOFBg+TNvPUnptmKfi1pvgi9F+5P48/GyNC6/JPOEljWARLjjLuObSRteBuQLq+S/XGXjx6jnxWBkZvDIsUfGt53lSxKrBKuit+Z/qAddNa0vAwz5m88clhuvPVF2LP/XP5zGcMBNbt9uiW/krUgy3tKcNzq2wZB/swZ0ysGtW7KPAN+YXhdjXJFFWNHIYTRBiRttzM/ELh+DGMdyZ/p0uS/lENK8+Nk//daNFZP/9fBHl\n",
            "public_key_pem": "-----BEGIN PUBLIC KEY-----\nMIIBIjANBgkqhkiG9w0BAQEFAAOCAQ8AMIIBCgKCAQEAzqJ1qHcnV0TezjVjap4X\nEPNnzsiGxSv8kmkW5cVDuoal+vVdXLxqBg/HtsrbjO+keaybcIhc2jF+BPmztuNx\n8EHv4h00yMJHLIbou54HzhQYPkzbz1J6bZin4tab4IvRfuT+PPxsjQuvyTzhJY1g\nES44y7jm0kbXgbkC6vkv1xl48eo58VgZGbwyLFHxred5UsSqwSrorfmf6gHXTWtL\nwMM+ZvPHJYbrz1Rdiz/1z+cxnDATW7fbolv5K1IMt7SnDc6tsGQf7MGdMrBrVuyj\nwDfmF4XY1yRRVjRyGE0QYkbbczPxC4fgxjHcmf6dLkv5RDSvPjZP/3WjRWT//XwR\n5QIDAQAB\n-----END PUBLIC KEY-----\n",
            "rsa_bits": 2048
          },
          "sensitive_attributes": []
        }
      ]
    }
  ],
  "check_results": null
}
